
Microsoft Visual Studio Solution File, Format Version 12.00
# Visual Studio Version 16
VisualStudioVersion = 16.0.32002.261
MinimumVisualStudioVersion = 10.0.40219.1
Project("{FAE04EC0-301F-11D3-BF4B-00C04F79EFBC}") = "ProjectMoroni", "ProjectMoroni\ProjectMoroni.csproj", "{3E1EE346-0C43-4301-A9D9-B26BF6F0717C}"
EndProject
Global
	GlobalSection(SolutionConfigurationPlatforms) = preSolution
		Debug|Any CPU = Debug|Any CPU
		Release|Any CPU = Release|Any CPU
	EndGlobalSection
	GlobalSection(ProjectConfigurationPlatforms) = postSolution
		{3E1EE346-0C43-4301-A9D9-B26BF6F0717C}.Debug|Any CPU.ActiveCfg = Debug|Any CPU
		{3E1EE346-0C43-4301-A9D9-B26BF6F0717C}.Debug|Any CPU.Build.0 = Debug|Any CPU
		{3E1EE346-0C43-4301-A9D9-B26BF6F0717C}.Release|Any CPU.ActiveCfg = Release|Any CPU
		{3E1EE346-0C43-4301-A9D9-B26BF6F0717C}.Release|Any CPU.Build.0 = Release|Any CPU
	EndGlobalSection
	GlobalSection(SolutionProperties) = preSolution
		HideSolutionNode = FALSE
	EndGlobalSection
	GlobalSection(ExtensibilityGlobals) = postSolution
		SolutionGuid = {5FB91125-317D-450B-A937-C8FA168D6B87}
	EndGlobalSection
EndGlobal
